<?xml version="1.0" encoding="utf-8"?>
<Project ToolsVersion="4.0" xmlns="http://schemas.microsoft.com/developer/msbuild/2003">
  <ItemGroup>
    <ClCompile Include="..\src\w3x2lni\main.cpp" />
  </ItemGroup>
  <ItemGroup>
    <Filter Include="rc">
      <UniqueIdentifier>{fc34c7fc-1da6-4a8f-92cb-ee87fe3535a9}</UniqueIdentifier>
    </Filter>
  </ItemGroup>
  <ItemGroup>
    <Image Include="icon.ico">
      <Filter>rc</Filter>
    </Image>
  </ItemGroup>
  <ItemGroup>
    <ClInclude Include="resource.h">
      <Filter>rc</Filter>
    </ClInclude>
  </ItemGroup>
  <ItemGroup>
    <ResourceCompile Include="resource.rc">
      <Filter>rc</Filter>
    </ResourceCompile>
  </ItemGroup>
</Project>