<?xml version="1.0" encoding="utf-8"?>
<Project ToolsVersion="4.0" xmlns="http://schemas.microsoft.com/developer/msbuild/2003">
  <ItemGroup>
    <Filter Include="rc">
      <UniqueIdentifier>{6753c549-807e-44ff-947d-a62255a080ea}</UniqueIdentifier>
    </Filter>
  </ItemGroup>
  <ItemGroup>
    <ResourceCompile Include="resource.rc">
      <Filter>rc</Filter>
    </ResourceCompile>
  </ItemGroup>
  <ItemGroup>
    <Image Include="icon.ico">
      <Filter>rc</Filter>
    </Image>
  </ItemGroup>
  <ItemGroup>
    <ClInclude Include="resource.h">
      <Filter>rc</Filter>
    </ClInclude>
  </ItemGroup>
  <ItemGroup>
    <ClCompile Include="..\bee.lua\3rd\lua\utf8\utf8_crt.c" />
    <ClCompile Include="..\bee.lua\3rd\lua\utf8\utf8_lua.c" />
    <ClCompile Include="..\bee.lua\3rd\lua\utf8\utf8_unicode.c" />
  </ItemGroup>
</Project>